
Microsoft Visual Studio Solution File, Format Version 12.00
# Visual Studio Version 17
VisualStudioVersion = 17.9.34728.123
MinimumVisualStudioVersion = 10.0.40219.1
Project("{9A19103F-16F7-4668-BE54-9A1E7A4F7556}") = "StoreManagement.WebApi", "NetCoreApi\StoreManagement.WebApi.csproj", "{E645068C-F458-4AF8-908F-95926461ADF6}"
EndProject
Project("{FAE04EC0-301F-11D3-BF4B-00C04F79EFBC}") = "StoreManagement.Domain", "StoreManagement.Domain\StoreManagement.Domain.csproj", "{3C6248B1-9E19-4D4B-8775-04A47FC3484E}"
EndProject
Project("{FAE04EC0-301F-11D3-BF4B-00C04F79EFBC}") = "StoreManagement.Infrastructure", "StoreManagement.Infrastructure\StoreManagement.Infrastructure.csproj", "{51B087F8-5162-4CBC-B850-F82F89DA13A6}"
EndProject
Project("{FAE04EC0-301F-11D3-BF4B-00C04F79EFBC}") = "StoreManagement.Application", "StoreManagement.Application\StoreManagement.Application.csproj", "{767E77B2-3F98-4716-8C76-8E5D2762214F}"
EndProject
Global
	GlobalSection(SolutionConfigurationPlatforms) = preSolution
		Debug|Any CPU = Debug|Any CPU
		Release|Any CPU = Release|Any CPU
	EndGlobalSection
	GlobalSection(ProjectConfigurationPlatforms) = postSolution
		{E645068C-F458-4AF8-908F-95926461ADF6}.Debug|Any CPU.ActiveCfg = Debug|Any CPU
		{E645068C-F458-4AF8-908F-95926461ADF6}.Debug|Any CPU.Build.0 = Debug|Any CPU
		{E645068C-F458-4AF8-908F-95926461ADF6}.Release|Any CPU.ActiveCfg = Release|Any CPU
		{E645068C-F458-4AF8-908F-95926461ADF6}.Release|Any CPU.Build.0 = Release|Any CPU
		{3C6248B1-9E19-4D4B-8775-04A47FC3484E}.Debug|Any CPU.ActiveCfg = Debug|Any CPU
		{3C6248B1-9E19-4D4B-8775-04A47FC3484E}.Debug|Any CPU.Build.0 = Debug|Any CPU
		{3C6248B1-9E19-4D4B-8775-04A47FC3484E}.Release|Any CPU.ActiveCfg = Release|Any CPU
		{3C6248B1-9E19-4D4B-8775-04A47FC3484E}.Release|Any CPU.Build.0 = Release|Any CPU
		{51B087F8-5162-4CBC-B850-F82F89DA13A6}.Debug|Any CPU.ActiveCfg = Debug|Any CPU
		{51B087F8-5162-4CBC-B850-F82F89DA13A6}.Debug|Any CPU.Build.0 = Debug|Any CPU
		{51B087F8-5162-4CBC-B850-F82F89DA13A6}.Release|Any CPU.ActiveCfg = Release|Any CPU
		{51B087F8-5162-4CBC-B850-F82F89DA13A6}.Release|Any CPU.Build.0 = Release|Any CPU
		{767E77B2-3F98-4716-8C76-8E5D2762214F}.Debug|Any CPU.ActiveCfg = Debug|Any CPU
		{767E77B2-3F98-4716-8C76-8E5D2762214F}.Debug|Any CPU.Build.0 = Debug|Any CPU
		{767E77B2-3F98-4716-8C76-8E5D2762214F}.Release|Any CPU.ActiveCfg = Release|Any CPU
		{767E77B2-3F98-4716-8C76-8E5D2762214F}.Release|Any CPU.Build.0 = Release|Any CPU
	EndGlobalSection
	GlobalSection(SolutionProperties) = preSolution
		HideSolutionNode = FALSE
	EndGlobalSection
	GlobalSection(ExtensibilityGlobals) = postSolution
		SolutionGuid = {C3799D33-8AED-4565-B3CD-A5CF2AB73D42}
	EndGlobalSection
EndGlobal
